// !$*UTF8*$!
{
	archiveVersion = 1;
	classes = {
	};
	objectVersion = 51;
	objects = {

/* Begin PBXBuildFile section */
		2B13C41F25C3304D00B00EBE /* Keys.swift in Sources */ = {isa = PBXBuildFile; fileRef = 2B13C41E25C3304D00B00EBE /* Keys.swift */; };
		2B13C42425C3336000B00EBE /* CurrentUser.swift in Sources */ = {isa = PBXBuildFile; fileRef = 2B13C42325C3336000B00EBE /* CurrentUser.swift */; };
		2B13C42F25C3355500B00EBE /* LoginView.swift in Sources */ = {isa = PBXBuildFile; fileRef = 2B13C42E25C3355500B00EBE /* LoginView.swift */; };
		2B13C43425C33AB200B00EBE /* SearchViewModel.swift in Sources */ = {isa = PBXBuildFile; fileRef = 2B13C43325C33AB200B00EBE /* SearchViewModel.swift */; };
		2B2C39C425CE8BD100B0728E /* URL+Extension.swift in Sources */ = {isa = PBXBuildFile; fileRef = 2B2C39C325CE8BD100B0728E /* URL+Extension.swift */; };
		2B2C39D425D0728200B0728E /* ViewModel.swift in Sources */ = {isa = PBXBuildFile; fileRef = 2B2C39D325D0728200B0728E /* ViewModel.swift */; };
		2B2C39D925D0818900B0728E /* Photo.swift in Sources */ = {isa = PBXBuildFile; fileRef = 2B2C39D825D0818900B0728E /* Photo.swift */; };
		2B711F2D25C33F0800326379 /* FavoritesList.swift in Sources */ = {isa = PBXBuildFile; fileRef = 2B711F2C25C33F0800326379 /* FavoritesList.swift */; };
		2B711F3225C3405600326379 /* FavoritesViewModel.swift in Sources */ = {isa = PBXBuildFile; fileRef = 2B711F3125C3405600326379 /* FavoritesViewModel.swift */; };
		2B711F3725C3501500326379 /* Paginator.swift in Sources */ = {isa = PBXBuildFile; fileRef = 2B711F3625C3501500326379 /* Paginator.swift */; };
		2B711F4425C55D6600326379 /* ListItemView.swift in Sources */ = {isa = PBXBuildFile; fileRef = 2B711F4325C55D6600326379 /* ListItemView.swift */; };
		2B711F4925C56EF300326379 /* ListItemViewModel.swift in Sources */ = {isa = PBXBuildFile; fileRef = 2B711F4825C56EF300326379 /* ListItemViewModel.swift */; };
		2B711F4E25C5730000326379 /* Pattern.swift in Sources */ = {isa = PBXBuildFile; fileRef = 2B711F4D25C5730000326379 /* Pattern.swift */; };
		2B711F5325C5734500326379 /* PatternAuthor.swift in Sources */ = {isa = PBXBuildFile; fileRef = 2B711F5225C5734500326379 /* PatternAuthor.swift */; };
		2B7BBD1D25F3D16300B1843B /* ViewModelTests.swift in Sources */ = {isa = PBXBuildFile; fileRef = 2B7BBD1C25F3D16300B1843B /* ViewModelTests.swift */; };
		2B828CDB25E4EFDA008D3AC1 /* ImageLoader.swift in Sources */ = {isa = PBXBuildFile; fileRef = 2B828CDA25E4EFDA008D3AC1 /* ImageLoader.swift */; };
		2B828CE025E4F0C9008D3AC1 /* URLImage.swift in Sources */ = {isa = PBXBuildFile; fileRef = 2B828CDF25E4F0C9008D3AC1 /* URLImage.swift */; };
		2BA9FFD525E566F5007512A0 /* MockData.swift in Sources */ = {isa = PBXBuildFile; fileRef = 2BA9FFD425E566F5007512A0 /* MockData.swift */; };
		503818D22495220900165C8B /* User.swift in Sources */ = {isa = PBXBuildFile; fileRef = 503818D12495220900165C8B /* User.swift */; };
		503818D4249671EE00165C8B /* NavView.swift in Sources */ = {isa = PBXBuildFile; fileRef = 503818D3249671EE00165C8B /* NavView.swift */; };
		5066AFED249CA847007D89FC /* xHeaders.swift in Sources */ = {isa = PBXBuildFile; fileRef = 5066AFEC249CA847007D89FC /* xHeaders.swift */; };
		5066AFEF249CAFD9007D89FC /* TokenHandler.swift in Sources */ = {isa = PBXBuildFile; fileRef = 5066AFEE249CAFD9007D89FC /* TokenHandler.swift */; };
		50F111C1249294C800C9141A /* AppDelegate.swift in Sources */ = {isa = PBXBuildFile; fileRef = 50F111C0249294C800C9141A /* AppDelegate.swift */; };
		50F111C3249294C800C9141A /* SceneDelegate.swift in Sources */ = {isa = PBXBuildFile; fileRef = 50F111C2249294C800C9141A /* SceneDelegate.swift */; };
		50F111C5249294C800C9141A /* ContentView.swift in Sources */ = {isa = PBXBuildFile; fileRef = 50F111C4249294C800C9141A /* ContentView.swift */; };
		50F111C7249294CC00C9141A /* Assets.xcassets in Resources */ = {isa = PBXBuildFile; fileRef = 50F111C6249294CC00C9141A /* Assets.xcassets */; };
		50F111CA249294CC00C9141A /* Preview Assets.xcassets in Resources */ = {isa = PBXBuildFile; fileRef = 50F111C9249294CC00C9141A /* Preview Assets.xcassets */; };
		50F111CD249294CC00C9141A /* LaunchScreen.storyboard in Resources */ = {isa = PBXBuildFile; fileRef = 50F111CB249294CC00C9141A /* LaunchScreen.storyboard */; };
		50F111D8249294CC00C9141A /* XHeadersTests.swift in Sources */ = {isa = PBXBuildFile; fileRef = 50F111D7249294CC00C9141A /* XHeadersTests.swift */; };
		50F111E3249294CC00C9141A /* KnitteryUITests.swift in Sources */ = {isa = PBXBuildFile; fileRef = 50F111E2249294CC00C9141A /* KnitteryUITests.swift */; };
		50F111F3249295C600C9141A /* StartView.swift in Sources */ = {isa = PBXBuildFile; fileRef = 50F111F2249295C600C9141A /* StartView.swift */; };
		50F111F52492965F00C9141A /* SearchView.swift in Sources */ = {isa = PBXBuildFile; fileRef = 50F111F42492965F00C9141A /* SearchView.swift */; };
		50F111F72492969200C9141A /* FavoritesView.swift in Sources */ = {isa = PBXBuildFile; fileRef = 50F111F62492969200C9141A /* FavoritesView.swift */; };
		50F111FA2492972400C9141A /* AppColors.swift in Sources */ = {isa = PBXBuildFile; fileRef = 50F111F92492972400C9141A /* AppColors.swift */; };
		50F111FC24929CDC00C9141A /* Constants.swift in Sources */ = {isa = PBXBuildFile; fileRef = 50F111FB24929CDC00C9141A /* Constants.swift */; };
		50F111FE2492AE3800C9141A /* SearchBar.swift in Sources */ = {isa = PBXBuildFile; fileRef = 50F111FD2492AE3800C9141A /* SearchBar.swift */; };
		50F112012494B6A900C9141A /* NetworkManager.swift in Sources */ = {isa = PBXBuildFile; fileRef = 50F112002494B6A900C9141A /* NetworkManager.swift */; };
		8E43F0FB58937B3554951AF7 /* Pods_Knittery.framework in Frameworks */ = {isa = PBXBuildFile; fileRef = 2813CA85E093149DD0E3E3EC /* Pods_Knittery.framework */; };
		C495AD5108CA4931F8C67F40 /* Pods_Knittery_KnitteryUITests.framework in Frameworks */ = {isa = PBXBuildFile; fileRef = 36C024AB361E8FE7AC34E669 /* Pods_Knittery_KnitteryUITests.framework */; };
		DA1F92ECC90520FB65882B90 /* Pods_KnitteryTests.framework in Frameworks */ = {isa = PBXBuildFile; fileRef = BE1470D19C18DFDEAD3770C5 /* Pods_KnitteryTests.framework */; };
/* End PBXBuildFile section */

/* Begin PBXContainerItemProxy section */
		50F111D4249294CC00C9141A /* PBXContainerItemProxy */ = {
			isa = PBXContainerItemProxy;
			containerPortal = 50F111B5249294C800C9141A /* Project object */;
			proxyType = 1;
			remoteGlobalIDString = 50F111BC249294C800C9141A;
			remoteInfo = Knittery;
		};
		50F111DF249294CC00C9141A /* PBXContainerItemProxy */ = {
			isa = PBXContainerItemProxy;
			containerPortal = 50F111B5249294C800C9141A /* Project object */;
			proxyType = 1;
			remoteGlobalIDString = 50F111BC249294C800C9141A;
			remoteInfo = Knittery;
		};
/* End PBXContainerItemProxy section */

/* Begin PBXFileReference section */
		02E4A22639F6948A45C1DB26 /* Pods-Knittery.debug.xcconfig */ = {isa = PBXFileReference; includeInIndex = 1; lastKnownFileType = text.xcconfig; name = "Pods-Knittery.debug.xcconfig"; path = "Target Support Files/Pods-Knittery/Pods-Knittery.debug.xcconfig"; sourceTree = "<group>"; };
		1764798D1B6D18E8FAF19B27 /* Pods-Knittery.release.xcconfig */ = {isa = PBXFileReference; includeInIndex = 1; lastKnownFileType = text.xcconfig; name = "Pods-Knittery.release.xcconfig"; path = "Target Support Files/Pods-Knittery/Pods-Knittery.release.xcconfig"; sourceTree = "<group>"; };
		2813CA85E093149DD0E3E3EC /* Pods_Knittery.framework */ = {isa = PBXFileReference; explicitFileType = wrapper.framework; includeInIndex = 0; path = Pods_Knittery.framework; sourceTree = BUILT_PRODUCTS_DIR; };
		2B13C41E25C3304D00B00EBE /* Keys.swift */ = {isa = PBXFileReference; lastKnownFileType = sourcecode.swift; path = Keys.swift; sourceTree = "<group>"; };
		2B13C42325C3336000B00EBE /* CurrentUser.swift */ = {isa = PBXFileReference; lastKnownFileType = sourcecode.swift; path = CurrentUser.swift; sourceTree = "<group>"; };
		2B13C42E25C3355500B00EBE /* LoginView.swift */ = {isa = PBXFileReference; lastKnownFileType = sourcecode.swift; path = LoginView.swift; sourceTree = "<group>"; };
		2B13C43325C33AB200B00EBE /* SearchViewModel.swift */ = {isa = PBXFileReference; lastKnownFileType = sourcecode.swift; path = SearchViewModel.swift; sourceTree = "<group>"; };
		2B2C39C325CE8BD100B0728E /* URL+Extension.swift */ = {isa = PBXFileReference; lastKnownFileType = sourcecode.swift; path = "URL+Extension.swift"; sourceTree = "<group>"; };
		2B2C39D325D0728200B0728E /* ViewModel.swift */ = {isa = PBXFileReference; lastKnownFileType = sourcecode.swift; path = ViewModel.swift; sourceTree = "<group>"; };
		2B2C39D825D0818900B0728E /* Photo.swift */ = {isa = PBXFileReference; lastKnownFileType = sourcecode.swift; path = Photo.swift; sourceTree = "<group>"; };
		2B711F2C25C33F0800326379 /* FavoritesList.swift */ = {isa = PBXFileReference; lastKnownFileType = sourcecode.swift; path = FavoritesList.swift; sourceTree = "<group>"; };
		2B711F3125C3405600326379 /* FavoritesViewModel.swift */ = {isa = PBXFileReference; lastKnownFileType = sourcecode.swift; path = FavoritesViewModel.swift; sourceTree = "<group>"; };
		2B711F3625C3501500326379 /* Paginator.swift */ = {isa = PBXFileReference; lastKnownFileType = sourcecode.swift; path = Paginator.swift; sourceTree = "<group>"; };
		2B711F4325C55D6600326379 /* ListItemView.swift */ = {isa = PBXFileReference; lastKnownFileType = sourcecode.swift; path = ListItemView.swift; sourceTree = "<group>"; };
		2B711F4825C56EF300326379 /* ListItemViewModel.swift */ = {isa = PBXFileReference; lastKnownFileType = sourcecode.swift; path = ListItemViewModel.swift; sourceTree = "<group>"; };
		2B711F4D25C5730000326379 /* Pattern.swift */ = {isa = PBXFileReference; lastKnownFileType = sourcecode.swift; path = Pattern.swift; sourceTree = "<group>"; };
		2B711F5225C5734500326379 /* PatternAuthor.swift */ = {isa = PBXFileReference; lastKnownFileType = sourcecode.swift; path = PatternAuthor.swift; sourceTree = "<group>"; };
		2B7BBD1C25F3D16300B1843B /* ViewModelTests.swift */ = {isa = PBXFileReference; lastKnownFileType = sourcecode.swift; path = ViewModelTests.swift; sourceTree = "<group>"; };
		2B828CDA25E4EFDA008D3AC1 /* ImageLoader.swift */ = {isa = PBXFileReference; lastKnownFileType = sourcecode.swift; path = ImageLoader.swift; sourceTree = "<group>"; };
		2B828CDF25E4F0C9008D3AC1 /* URLImage.swift */ = {isa = PBXFileReference; lastKnownFileType = sourcecode.swift; path = URLImage.swift; sourceTree = "<group>"; };
		2BA9FFD425E566F5007512A0 /* MockData.swift */ = {isa = PBXFileReference; lastKnownFileType = sourcecode.swift; path = MockData.swift; sourceTree = "<group>"; };
		32793D4AFC3C78A8063B0B03 /* Pods-KnitteryTests.debug.xcconfig */ = {isa = PBXFileReference; includeInIndex = 1; lastKnownFileType = text.xcconfig; name = "Pods-KnitteryTests.debug.xcconfig"; path = "Target Support Files/Pods-KnitteryTests/Pods-KnitteryTests.debug.xcconfig"; sourceTree = "<group>"; };
		36C024AB361E8FE7AC34E669 /* Pods_Knittery_KnitteryUITests.framework */ = {isa = PBXFileReference; explicitFileType = wrapper.framework; includeInIndex = 0; path = Pods_Knittery_KnitteryUITests.framework; sourceTree = BUILT_PRODUCTS_DIR; };
		48607B9A3D7C38F00C14B407 /* Pods-Knittery-KnitteryUITests.release.xcconfig */ = {isa = PBXFileReference; includeInIndex = 1; lastKnownFileType = text.xcconfig; name = "Pods-Knittery-KnitteryUITests.release.xcconfig"; path = "Target Support Files/Pods-Knittery-KnitteryUITests/Pods-Knittery-KnitteryUITests.release.xcconfig"; sourceTree = "<group>"; };
		4C21B505DA24F5B7E9E58717 /* Pods-KnitteryTests.release.xcconfig */ = {isa = PBXFileReference; includeInIndex = 1; lastKnownFileType = text.xcconfig; name = "Pods-KnitteryTests.release.xcconfig"; path = "Target Support Files/Pods-KnitteryTests/Pods-KnitteryTests.release.xcconfig"; sourceTree = "<group>"; };
		503818D12495220900165C8B /* User.swift */ = {isa = PBXFileReference; lastKnownFileType = sourcecode.swift; path = User.swift; sourceTree = "<group>"; };
		503818D3249671EE00165C8B /* NavView.swift */ = {isa = PBXFileReference; lastKnownFileType = sourcecode.swift; path = NavView.swift; sourceTree = "<group>"; };
		5066AFEC249CA847007D89FC /* xHeaders.swift */ = {isa = PBXFileReference; lastKnownFileType = sourcecode.swift; path = xHeaders.swift; sourceTree = "<group>"; };
		5066AFEE249CAFD9007D89FC /* TokenHandler.swift */ = {isa = PBXFileReference; lastKnownFileType = sourcecode.swift; path = TokenHandler.swift; sourceTree = "<group>"; };
		50F111BD249294C800C9141A /* Knittery.app */ = {isa = PBXFileReference; explicitFileType = wrapper.application; includeInIndex = 0; path = Knittery.app; sourceTree = BUILT_PRODUCTS_DIR; };
		50F111C0249294C800C9141A /* AppDelegate.swift */ = {isa = PBXFileReference; lastKnownFileType = sourcecode.swift; path = AppDelegate.swift; sourceTree = "<group>"; };
		50F111C2249294C800C9141A /* SceneDelegate.swift */ = {isa = PBXFileReference; lastKnownFileType = sourcecode.swift; path = SceneDelegate.swift; sourceTree = "<group>"; };
		50F111C4249294C800C9141A /* ContentView.swift */ = {isa = PBXFileReference; lastKnownFileType = sourcecode.swift; path = ContentView.swift; sourceTree = "<group>"; };
		50F111C6249294CC00C9141A /* Assets.xcassets */ = {isa = PBXFileReference; lastKnownFileType = folder.assetcatalog; path = Assets.xcassets; sourceTree = "<group>"; };
		50F111C9249294CC00C9141A /* Preview Assets.xcassets */ = {isa = PBXFileReference; lastKnownFileType = folder.assetcatalog; path = "Preview Assets.xcassets"; sourceTree = "<group>"; };
		50F111CC249294CC00C9141A /* Base */ = {isa = PBXFileReference; lastKnownFileType = file.storyboard; name = Base; path = Base.lproj/LaunchScreen.storyboard; sourceTree = "<group>"; };
		50F111CE249294CC00C9141A /* Info.plist */ = {isa = PBXFileReference; lastKnownFileType = text.plist.xml; path = Info.plist; sourceTree = "<group>"; };
		50F111D3249294CC00C9141A /* KnitteryTests.xctest */ = {isa = PBXFileReference; explicitFileType = wrapper.cfbundle; includeInIndex = 0; path = KnitteryTests.xctest; sourceTree = BUILT_PRODUCTS_DIR; };
		50F111D7249294CC00C9141A /* XHeadersTests.swift */ = {isa = PBXFileReference; lastKnownFileType = sourcecode.swift; path = XHeadersTests.swift; sourceTree = "<group>"; };
		50F111D9249294CC00C9141A /* Info.plist */ = {isa = PBXFileReference; lastKnownFileType = text.plist.xml; path = Info.plist; sourceTree = "<group>"; };
		50F111DE249294CC00C9141A /* KnitteryUITests.xctest */ = {isa = PBXFileReference; explicitFileType = wrapper.cfbundle; includeInIndex = 0; path = KnitteryUITests.xctest; sourceTree = BUILT_PRODUCTS_DIR; };
		50F111E2249294CC00C9141A /* KnitteryUITests.swift */ = {isa = PBXFileReference; lastKnownFileType = sourcecode.swift; path = KnitteryUITests.swift; sourceTree = "<group>"; };
		50F111E4249294CC00C9141A /* Info.plist */ = {isa = PBXFileReference; lastKnownFileType = text.plist.xml; path = Info.plist; sourceTree = "<group>"; };
		50F111F2249295C600C9141A /* StartView.swift */ = {isa = PBXFileReference; lastKnownFileType = sourcecode.swift; path = StartView.swift; sourceTree = "<group>"; };
		50F111F42492965F00C9141A /* SearchView.swift */ = {isa = PBXFileReference; lastKnownFileType = sourcecode.swift; path = SearchView.swift; sourceTree = "<group>"; };
		50F111F62492969200C9141A /* FavoritesView.swift */ = {isa = PBXFileReference; lastKnownFileType = sourcecode.swift; path = FavoritesView.swift; sourceTree = "<group>"; };
		50F111F92492972400C9141A /* AppColors.swift */ = {isa = PBXFileReference; lastKnownFileType = sourcecode.swift; path = AppColors.swift; sourceTree = "<group>"; };
		50F111FB24929CDC00C9141A /* Constants.swift */ = {isa = PBXFileReference; lastKnownFileType = sourcecode.swift; path = Constants.swift; sourceTree = "<group>"; };
		50F111FD2492AE3800C9141A /* SearchBar.swift */ = {isa = PBXFileReference; lastKnownFileType = sourcecode.swift; path = SearchBar.swift; sourceTree = "<group>"; };
		50F112002494B6A900C9141A /* NetworkManager.swift */ = {isa = PBXFileReference; lastKnownFileType = sourcecode.swift; path = NetworkManager.swift; sourceTree = "<group>"; };
		B8E3E64F03DFA0A7C0E24D6B /* Pods-Knittery-KnitteryUITests.debug.xcconfig */ = {isa = PBXFileReference; includeInIndex = 1; lastKnownFileType = text.xcconfig; name = "Pods-Knittery-KnitteryUITests.debug.xcconfig"; path = "Target Support Files/Pods-Knittery-KnitteryUITests/Pods-Knittery-KnitteryUITests.debug.xcconfig"; sourceTree = "<group>"; };
		BE1470D19C18DFDEAD3770C5 /* Pods_KnitteryTests.framework */ = {isa = PBXFileReference; explicitFileType = wrapper.framework; includeInIndex = 0; path = Pods_KnitteryTests.framework; sourceTree = BUILT_PRODUCTS_DIR; };
/* End PBXFileReference section */

/* Begin PBXFrameworksBuildPhase section */
		50F111BA249294C800C9141A /* Frameworks */ = {
			isa = PBXFrameworksBuildPhase;
			buildActionMask = 2147483647;
			files = (
				8E43F0FB58937B3554951AF7 /* Pods_Knittery.framework in Frameworks */,
			);
			runOnlyForDeploymentPostprocessing = 0;
		};
		50F111D0249294CC00C9141A /* Frameworks */ = {
			isa = PBXFrameworksBuildPhase;
			buildActionMask = 2147483647;
			files = (
				DA1F92ECC90520FB65882B90 /* Pods_KnitteryTests.framework in Frameworks */,
			);
			runOnlyForDeploymentPostprocessing = 0;
		};
		50F111DB249294CC00C9141A /* Frameworks */ = {
			isa = PBXFrameworksBuildPhase;
			buildActionMask = 2147483647;
			files = (
				C495AD5108CA4931F8C67F40 /* Pods_Knittery_KnitteryUITests.framework in Frameworks */,
			);
			runOnlyForDeploymentPostprocessing = 0;
		};
/* End PBXFrameworksBuildPhase section */

/* Begin PBXGroup section */
		2B13C43B25C33B1A00B00EBE /* DTO */ = {
			isa = PBXGroup;
			children = (
				503818D12495220900165C8B /* User.swift */,
				2B711F2C25C33F0800326379 /* FavoritesList.swift */,
				2B711F3625C3501500326379 /* Paginator.swift */,
				2B711F4D25C5730000326379 /* Pattern.swift */,
				2B2C39D825D0818900B0728E /* Photo.swift */,
				2B711F5225C5734500326379 /* PatternAuthor.swift */,
			);
			path = DTO;
			sourceTree = "<group>";
		};
		2B13C43C25C33B2600B00EBE /* Network */ = {
			isa = PBXGroup;
			children = (
				50F112002494B6A900C9141A /* NetworkManager.swift */,
				2B13C42325C3336000B00EBE /* CurrentUser.swift */,
				2B2C39C325CE8BD100B0728E /* URL+Extension.swift */,
			);
			path = Network;
			sourceTree = "<group>";
		};
		2BA9FFD325E566D2007512A0 /* Mock */ = {
			isa = PBXGroup;
			children = (
				2BA9FFD425E566F5007512A0 /* MockData.swift */,
			);
			path = Mock;
			sourceTree = "<group>";
		};
		2BA9FFE725F36CFF007512A0 /* Pages */ = {
			isa = PBXGroup;
			children = (
				2BA9FFEC25F36E08007512A0 /* Navigation */,
				2BA9FFEB25F36DD5007512A0 /* Login */,
				2BA9FFEA25F36D6F007512A0 /* Favorites */,
				2BA9FFE925F36D67007512A0 /* Search */,
				2BA9FFE825F36D5B007512A0 /* Start */,
			);
			path = Pages;
			sourceTree = "<group>";
		};
		2BA9FFE825F36D5B007512A0 /* Start */ = {
			isa = PBXGroup;
			children = (
				50F111F2249295C600C9141A /* StartView.swift */,
			);
			path = Start;
			sourceTree = "<group>";
		};
		2BA9FFE925F36D67007512A0 /* Search */ = {
			isa = PBXGroup;
			children = (
				2B13C43325C33AB200B00EBE /* SearchViewModel.swift */,
				50F111FD2492AE3800C9141A /* SearchBar.swift */,
				50F111F42492965F00C9141A /* SearchView.swift */,
			);
			path = Search;
			sourceTree = "<group>";
		};
		2BA9FFEA25F36D6F007512A0 /* Favorites */ = {
			isa = PBXGroup;
			children = (
				50F111F62492969200C9141A /* FavoritesView.swift */,
				2B711F3125C3405600326379 /* FavoritesViewModel.swift */,
				2B711F4825C56EF300326379 /* ListItemViewModel.swift */,
				2B711F4325C55D6600326379 /* ListItemView.swift */,
			);
			path = Favorites;
			sourceTree = "<group>";
		};
		2BA9FFEB25F36DD5007512A0 /* Login */ = {
			isa = PBXGroup;
			children = (
				2B13C42E25C3355500B00EBE /* LoginView.swift */,
			);
			path = Login;
			sourceTree = "<group>";
		};
		2BA9FFEC25F36E08007512A0 /* Navigation */ = {
			isa = PBXGroup;
			children = (
				503818D3249671EE00165C8B /* NavView.swift */,
			);
			path = Navigation;
			sourceTree = "<group>";
		};
		338405BC907F0437C85227D9 /* Frameworks */ = {
			isa = PBXGroup;
			children = (
				2813CA85E093149DD0E3E3EC /* Pods_Knittery.framework */,
				36C024AB361E8FE7AC34E669 /* Pods_Knittery_KnitteryUITests.framework */,
				BE1470D19C18DFDEAD3770C5 /* Pods_KnitteryTests.framework */,
			);
			name = Frameworks;
			sourceTree = "<group>";
		};
		50F111B4249294C800C9141A = {
			isa = PBXGroup;
			children = (
				50F111BF249294C800C9141A /* Knittery */,
				50F111D6249294CC00C9141A /* KnitteryTests */,
				50F111E1249294CC00C9141A /* KnitteryUITests */,
				50F111BE249294C800C9141A /* Products */,
				9926D879EB0F5061E6EC721C /* Pods */,
				338405BC907F0437C85227D9 /* Frameworks */,
			);
			sourceTree = "<group>";
		};
		50F111BE249294C800C9141A /* Products */ = {
			isa = PBXGroup;
			children = (
				50F111BD249294C800C9141A /* Knittery.app */,
				50F111D3249294CC00C9141A /* KnitteryTests.xctest */,
				50F111DE249294CC00C9141A /* KnitteryUITests.xctest */,
			);
			name = Products;
			sourceTree = "<group>";
		};
		50F111BF249294C800C9141A /* Knittery */ = {
			isa = PBXGroup;
			children = (
				2BA9FFE725F36CFF007512A0 /* Pages */,
				2BA9FFD325E566D2007512A0 /* Mock */,
				2B13C43C25C33B2600B00EBE /* Network */,
				2B13C43B25C33B1A00B00EBE /* DTO */,
				50F111F8249296F400C9141A /* Util */,
				50F111C4249294C800C9141A /* ContentView.swift */,
				50F111C6249294CC00C9141A /* Assets.xcassets */,
				50F111CB249294CC00C9141A /* LaunchScreen.storyboard */,
				50F111CE249294CC00C9141A /* Info.plist */,
				50F111F02492957C00C9141A /* Delegate */,
				50F111C8249294CC00C9141A /* Preview Content */,
			);
			path = Knittery;
			sourceTree = "<group>";
		};
		50F111C8249294CC00C9141A /* Preview Content */ = {
			isa = PBXGroup;
			children = (
				50F111C9249294CC00C9141A /* Preview Assets.xcassets */,
			);
			path = "Preview Content";
			sourceTree = "<group>";
		};
		50F111D6249294CC00C9141A /* KnitteryTests */ = {
			isa = PBXGroup;
			children = (
				2B7BBD1C25F3D16300B1843B /* ViewModelTests.swift */,
				50F111D7249294CC00C9141A /* XHeadersTests.swift */,
				50F111D9249294CC00C9141A /* Info.plist */,
			);
			path = KnitteryTests;
			sourceTree = "<group>";
		};
		50F111E1249294CC00C9141A /* KnitteryUITests */ = {
			isa = PBXGroup;
			children = (
				50F111E2249294CC00C9141A /* KnitteryUITests.swift */,
				50F111E4249294CC00C9141A /* Info.plist */,
			);
			path = KnitteryUITests;
			sourceTree = "<group>";
		};
		50F111F02492957C00C9141A /* Delegate */ = {
			isa = PBXGroup;
			children = (
				50F111C2249294C800C9141A /* SceneDelegate.swift */,
				50F111C0249294C800C9141A /* AppDelegate.swift */,
			);
			path = Delegate;
			sourceTree = "<group>";
		};
		50F111F8249296F400C9141A /* Util */ = {
			isa = PBXGroup;
			children = (
				2B828CDF25E4F0C9008D3AC1 /* URLImage.swift */,
				2B2C39D325D0728200B0728E /* ViewModel.swift */,
				5066AFEC249CA847007D89FC /* xHeaders.swift */,
				50F111F92492972400C9141A /* AppColors.swift */,
				50F111FB24929CDC00C9141A /* Constants.swift */,
				5066AFEE249CAFD9007D89FC /* TokenHandler.swift */,
				2B13C41E25C3304D00B00EBE /* Keys.swift */,
				2B828CDA25E4EFDA008D3AC1 /* ImageLoader.swift */,
			);
			path = Util;
			sourceTree = "<group>";
		};
		9926D879EB0F5061E6EC721C /* Pods */ = {
			isa = PBXGroup;
			children = (
				02E4A22639F6948A45C1DB26 /* Pods-Knittery.debug.xcconfig */,
				1764798D1B6D18E8FAF19B27 /* Pods-Knittery.release.xcconfig */,
				B8E3E64F03DFA0A7C0E24D6B /* Pods-Knittery-KnitteryUITests.debug.xcconfig */,
				48607B9A3D7C38F00C14B407 /* Pods-Knittery-KnitteryUITests.release.xcconfig */,
				32793D4AFC3C78A8063B0B03 /* Pods-KnitteryTests.debug.xcconfig */,
				4C21B505DA24F5B7E9E58717 /* Pods-KnitteryTests.release.xcconfig */,
			);
			path = Pods;
			sourceTree = "<group>";
		};
/* End PBXGroup section */

/* Begin PBXNativeTarget section */
		50F111BC249294C800C9141A /* Knittery */ = {
			isa = PBXNativeTarget;
			buildConfigurationList = 50F111E7249294CC00C9141A /* Build configuration list for PBXNativeTarget "Knittery" */;
			buildPhases = (
				E25B4AD4FDE1C5EFDFC210A3 /* [CP] Check Pods Manifest.lock */,
				50F111B9249294C800C9141A /* Sources */,
				50F111BA249294C800C9141A /* Frameworks */,
				50F111BB249294C800C9141A /* Resources */,
				67545A73A2182ACA30DC7424 /* [CP] Embed Pods Frameworks */,
			);
			buildRules = (
			);
			dependencies = (
			);
			name = Knittery;
			productName = Knittery;
			productReference = 50F111BD249294C800C9141A /* Knittery.app */;
			productType = "com.apple.product-type.application";
		};
		50F111D2249294CC00C9141A /* KnitteryTests */ = {
			isa = PBXNativeTarget;
			buildConfigurationList = 50F111EA249294CC00C9141A /* Build configuration list for PBXNativeTarget "KnitteryTests" */;
			buildPhases = (
				BE623EA64AD53DDE5BEECA2F /* [CP] Check Pods Manifest.lock */,
				50F111CF249294CC00C9141A /* Sources */,
				50F111D0249294CC00C9141A /* Frameworks */,
				50F111D1249294CC00C9141A /* Resources */,
			);
			buildRules = (
			);
			dependencies = (
				50F111D5249294CC00C9141A /* PBXTargetDependency */,
			);
			name = KnitteryTests;
			productName = KnitteryTests;
			productReference = 50F111D3249294CC00C9141A /* KnitteryTests.xctest */;
			productType = "com.apple.product-type.bundle.unit-test";
		};
		50F111DD249294CC00C9141A /* KnitteryUITests */ = {
			isa = PBXNativeTarget;
			buildConfigurationList = 50F111ED249294CC00C9141A /* Build configuration list for PBXNativeTarget "KnitteryUITests" */;
			buildPhases = (
				62EF6FF6D7E8D9625B7BC369 /* [CP] Check Pods Manifest.lock */,
				50F111DA249294CC00C9141A /* Sources */,
				50F111DB249294CC00C9141A /* Frameworks */,
				50F111DC249294CC00C9141A /* Resources */,
				7CF7A9EC804D4AFF37ACEF00 /* [CP] Embed Pods Frameworks */,
			);
			buildRules = (
			);
			dependencies = (
				50F111E0249294CC00C9141A /* PBXTargetDependency */,
			);
			name = KnitteryUITests;
			productName = KnitteryUITests;
			productReference = 50F111DE249294CC00C9141A /* KnitteryUITests.xctest */;
			productType = "com.apple.product-type.bundle.ui-testing";
		};
/* End PBXNativeTarget section */

/* Begin PBXProject section */
		50F111B5249294C800C9141A /* Project object */ = {
			isa = PBXProject;
			attributes = {
				LastSwiftUpdateCheck = 1150;
				LastUpgradeCheck = 1150;
				ORGANIZATIONNAME = "Cecilia Valenti";
				TargetAttributes = {
					50F111BC249294C800C9141A = {
						CreatedOnToolsVersion = 11.5;
					};
					50F111D2249294CC00C9141A = {
						CreatedOnToolsVersion = 11.5;
						TestTargetID = 50F111BC249294C800C9141A;
					};
					50F111DD249294CC00C9141A = {
						CreatedOnToolsVersion = 11.5;
						TestTargetID = 50F111BC249294C800C9141A;
					};
				};
			};
			buildConfigurationList = 50F111B8249294C800C9141A /* Build configuration list for PBXProject "Knittery" */;
			compatibilityVersion = "Xcode 9.3";
			developmentRegion = en;
			hasScannedForEncodings = 0;
			knownRegions = (
				en,
				Base,
			);
			mainGroup = 50F111B4249294C800C9141A;
			productRefGroup = 50F111BE249294C800C9141A /* Products */;
			projectDirPath = "";
			projectRoot = "";
			targets = (
				50F111BC249294C800C9141A /* Knittery */,
				50F111D2249294CC00C9141A /* KnitteryTests */,
				50F111DD249294CC00C9141A /* KnitteryUITests */,
			);
		};
/* End PBXProject section */

/* Begin PBXResourcesBuildPhase section */
		50F111BB249294C800C9141A /* Resources */ = {
			isa = PBXResourcesBuildPhase;
			buildActionMask = 2147483647;
			files = (
				50F111CD249294CC00C9141A /* LaunchScreen.storyboard in Resources */,
				50F111CA249294CC00C9141A /* Preview Assets.xcassets in Resources */,
				50F111C7249294CC00C9141A /* Assets.xcassets in Resources */,
			);
			runOnlyForDeploymentPostprocessing = 0;
		};
		50F111D1249294CC00C9141A /* Resources */ = {
			isa = PBXResourcesBuildPhase;
			buildActionMask = 2147483647;
			files = (
			);
			runOnlyForDeploymentPostprocessing = 0;
		};
		50F111DC249294CC00C9141A /* Resources */ = {
			isa = PBXResourcesBuildPhase;
			buildActionMask = 2147483647;
			files = (
			);
			runOnlyForDeploymentPostprocessing = 0;
		};
/* End PBXResourcesBuildPhase section */

/* Begin PBXShellScriptBuildPhase section */
		62EF6FF6D7E8D9625B7BC369 /* [CP] Check Pods Manifest.lock */ = {
			isa = PBXShellScriptBuildPhase;
			buildActionMask = 2147483647;
			files = (
			);
			inputFileListPaths = (
			);
			inputPaths = (
				"${PODS_PODFILE_DIR_PATH}/Podfile.lock",
				"${PODS_ROOT}/Manifest.lock",
			);
			name = "[CP] Check Pods Manifest.lock";
			outputFileListPaths = (
			);
			outputPaths = (
				"$(DERIVED_FILE_DIR)/Pods-Knittery-KnitteryUITests-checkManifestLockResult.txt",
			);
			runOnlyForDeploymentPostprocessing = 0;
			shellPath = /bin/sh;
			shellScript = "diff \"${PODS_PODFILE_DIR_PATH}/Podfile.lock\" \"${PODS_ROOT}/Manifest.lock\" > /dev/null\nif [ $? != 0 ] ; then\n    # print error to STDERR\n    echo \"error: The sandbox is not in sync with the Podfile.lock. Run 'pod install' or update your CocoaPods installation.\" >&2\n    exit 1\nfi\n# This output is used by Xcode 'outputs' to avoid re-running this script phase.\necho \"SUCCESS\" > \"${SCRIPT_OUTPUT_FILE_0}\"\n";
			showEnvVarsInLog = 0;
		};
		67545A73A2182ACA30DC7424 /* [CP] Embed Pods Frameworks */ = {
			isa = PBXShellScriptBuildPhase;
			buildActionMask = 2147483647;
			files = (
			);
			inputFileListPaths = (
				"${PODS_ROOT}/Target Support Files/Pods-Knittery/Pods-Knittery-frameworks-${CONFIGURATION}-input-files.xcfilelist",
			);
			name = "[CP] Embed Pods Frameworks";
			outputFileListPaths = (
				"${PODS_ROOT}/Target Support Files/Pods-Knittery/Pods-Knittery-frameworks-${CONFIGURATION}-output-files.xcfilelist",
			);
			runOnlyForDeploymentPostprocessing = 0;
			shellPath = /bin/sh;
			shellScript = "\"${PODS_ROOT}/Target Support Files/Pods-Knittery/Pods-Knittery-frameworks.sh\"\n";
			showEnvVarsInLog = 0;
		};
		7CF7A9EC804D4AFF37ACEF00 /* [CP] Embed Pods Frameworks */ = {
			isa = PBXShellScriptBuildPhase;
			buildActionMask = 2147483647;
			files = (
			);
			inputFileListPaths = (
				"${PODS_ROOT}/Target Support Files/Pods-Knittery-KnitteryUITests/Pods-Knittery-KnitteryUITests-frameworks-${CONFIGURATION}-input-files.xcfilelist",
			);
			name = "[CP] Embed Pods Frameworks";
			outputFileListPaths = (
				"${PODS_ROOT}/Target Support Files/Pods-Knittery-KnitteryUITests/Pods-Knittery-KnitteryUITests-frameworks-${CONFIGURATION}-output-files.xcfilelist",
			);
			runOnlyForDeploymentPostprocessing = 0;
			shellPath = /bin/sh;
			shellScript = "\"${PODS_ROOT}/Target Support Files/Pods-Knittery-KnitteryUITests/Pods-Knittery-KnitteryUITests-frameworks.sh\"\n";
			showEnvVarsInLog = 0;
		};
		BE623EA64AD53DDE5BEECA2F /* [CP] Check Pods Manifest.lock */ = {
			isa = PBXShellScriptBuildPhase;
			buildActionMask = 2147483647;
			files = (
			);
			inputFileListPaths = (
			);
			inputPaths = (
				"${PODS_PODFILE_DIR_PATH}/Podfile.lock",
				"${PODS_ROOT}/Manifest.lock",
			);
			name = "[CP] Check Pods Manifest.lock";
			outputFileListPaths = (
			);
			outputPaths = (
				"$(DERIVED_FILE_DIR)/Pods-KnitteryTests-checkManifestLockResult.txt",
			);
			runOnlyForDeploymentPostprocessing = 0;
			shellPath = /bin/sh;
			shellScript = "diff \"${PODS_PODFILE_DIR_PATH}/Podfile.lock\" \"${PODS_ROOT}/Manifest.lock\" > /dev/null\nif [ $? != 0 ] ; then\n    # print error to STDERR\n    echo \"error: The sandbox is not in sync with the Podfile.lock. Run 'pod install' or update your CocoaPods installation.\" >&2\n    exit 1\nfi\n# This output is used by Xcode 'outputs' to avoid re-running this script phase.\necho \"SUCCESS\" > \"${SCRIPT_OUTPUT_FILE_0}\"\n";
			showEnvVarsInLog = 0;
		};
		E25B4AD4FDE1C5EFDFC210A3 /* [CP] Check Pods Manifest.lock */ = {
			isa = PBXShellScriptBuildPhase;
			buildActionMask = 2147483647;
			files = (
			);
			inputFileListPaths = (
			);
			inputPaths = (
				"${PODS_PODFILE_DIR_PATH}/Podfile.lock",
				"${PODS_ROOT}/Manifest.lock",
			);
			name = "[CP] Check Pods Manifest.lock";
			outputFileListPaths = (
			);
			outputPaths = (
				"$(DERIVED_FILE_DIR)/Pods-Knittery-checkManifestLockResult.txt",
			);
			runOnlyForDeploymentPostprocessing = 0;
			shellPath = /bin/sh;
			shellScript = "diff \"${PODS_PODFILE_DIR_PATH}/Podfile.lock\" \"${PODS_ROOT}/Manifest.lock\" > /dev/null\nif [ $? != 0 ] ; then\n    # print error to STDERR\n    echo \"error: The sandbox is not in sync with the Podfile.lock. Run 'pod install' or update your CocoaPods installation.\" >&2\n    exit 1\nfi\n# This output is used by Xcode 'outputs' to avoid re-running this script phase.\necho \"SUCCESS\" > \"${SCRIPT_OUTPUT_FILE_0}\"\n";
			showEnvVarsInLog = 0;
		};
/* End PBXShellScriptBuildPhase section */

/* Begin PBXSourcesBuildPhase section */
		50F111B9249294C800C9141A /* Sources */ = {
			isa = PBXSourcesBuildPhase;
			buildActionMask = 2147483647;
			files = (
				2B2C39D925D0818900B0728E /* Photo.swift in Sources */,
				503818D4249671EE00165C8B /* NavView.swift in Sources */,
				2B13C41F25C3304D00B00EBE /* Keys.swift in Sources */,
				2B828CDB25E4EFDA008D3AC1 /* ImageLoader.swift in Sources */,
				50F111F52492965F00C9141A /* SearchView.swift in Sources */,
				2B711F4425C55D6600326379 /* ListItemView.swift in Sources */,
				50F111C1249294C800C9141A /* AppDelegate.swift in Sources */,
				2B711F5325C5734500326379 /* PatternAuthor.swift in Sources */,
				2BA9FFD525E566F5007512A0 /* MockData.swift in Sources */,
				50F112012494B6A900C9141A /* NetworkManager.swift in Sources */,
				2B711F4E25C5730000326379 /* Pattern.swift in Sources */,
				50F111F72492969200C9141A /* FavoritesView.swift in Sources */,
				2B13C43425C33AB200B00EBE /* SearchViewModel.swift in Sources */,
				2B2C39D425D0728200B0728E /* ViewModel.swift in Sources */,
				2B828CE025E4F0C9008D3AC1 /* URLImage.swift in Sources */,
				2B13C42425C3336000B00EBE /* CurrentUser.swift in Sources */,
				50F111C3249294C800C9141A /* SceneDelegate.swift in Sources */,
				50F111FA2492972400C9141A /* AppColors.swift in Sources */,
				2B711F3225C3405600326379 /* FavoritesViewModel.swift in Sources */,
				2B711F4925C56EF300326379 /* ListItemViewModel.swift in Sources */,
				50F111FE2492AE3800C9141A /* SearchBar.swift in Sources */,
				2B13C42F25C3355500B00EBE /* LoginView.swift in Sources */,
				5066AFED249CA847007D89FC /* xHeaders.swift in Sources */,
				2B711F2D25C33F0800326379 /* FavoritesList.swift in Sources */,
				50F111C5249294C800C9141A /* ContentView.swift in Sources */,
				50F111F3249295C600C9141A /* StartView.swift in Sources */,
				2B2C39C425CE8BD100B0728E /* URL+Extension.swift in Sources */,
				2B711F3725C3501500326379 /* Paginator.swift in Sources */,
				50F111FC24929CDC00C9141A /* Constants.swift in Sources */,
				5066AFEF249CAFD9007D89FC /* TokenHandler.swift in Sources */,
				503818D22495220900165C8B /* User.swift in Sources */,
			);
			runOnlyForDeploymentPostprocessing = 0;
		};
		50F111CF249294CC00C9141A /* Sources */ = {
			isa = PBXSourcesBuildPhase;
			buildActionMask = 2147483647;
			files = (
				2B7BBD1D25F3D16300B1843B /* ViewModelTests.swift in Sources */,
				50F111D8249294CC00C9141A /* XHeadersTests.swift in Sources */,
			);
			runOnlyForDeploymentPostprocessing = 0;
		};
		50F111DA249294CC00C9141A /* Sources */ = {
			isa = PBXSourcesBuildPhase;
			buildActionMask = 2147483647;
			files = (
				50F111E3249294CC00C9141A /* KnitteryUITests.swift in Sources */,
			);
			runOnlyForDeploymentPostprocessing = 0;
		};
/* End PBXSourcesBuildPhase section */

/* Begin PBXTargetDependency section */
		50F111D5249294CC00C9141A /* PBXTargetDependency */ = {
			isa = PBXTargetDependency;
			target = 50F111BC249294C800C9141A /* Knittery */;
			targetProxy = 50F111D4249294CC00C9141A /* PBXContainerItemProxy */;
		};
		50F111E0249294CC00C9141A /* PBXTargetDependency */ = {
			isa = PBXTargetDependency;
			target = 50F111BC249294C800C9141A /* Knittery */;
			targetProxy = 50F111DF249294CC00C9141A /* PBXContainerItemProxy */;
		};
/* End PBXTargetDependency section */

/* Begin PBXVariantGroup section */
		50F111CB249294CC00C9141A /* LaunchScreen.storyboard */ = {
			isa = PBXVariantGroup;
			children = (
				50F111CC249294CC00C9141A /* Base */,
			);
			name = LaunchScreen.storyboard;
			sourceTree = "<group>";
		};
/* End PBXVariantGroup section */

/* Begin XCBuildConfiguration section */
		50F111E5249294CC00C9141A /* Debug */ = {
			isa = XCBuildConfiguration;
			buildSettings = {
				ALWAYS_SEARCH_USER_PATHS = NO;
				CLANG_ANALYZER_NONNULL = YES;
				CLANG_ANALYZER_NUMBER_OBJECT_CONVERSION = YES_AGGRESSIVE;
				CLANG_CXX_LANGUAGE_STANDARD = "gnu++14";
				CLANG_CXX_LIBRARY = "libc++";
				CLANG_ENABLE_MODULES = YES;
				CLANG_ENABLE_OBJC_ARC = YES;
				CLANG_ENABLE_OBJC_WEAK = YES;
				CLANG_WARN_BLOCK_CAPTURE_AUTORELEASING = YES;
				CLANG_WARN_BOOL_CONVERSION = YES;
				CLANG_WARN_COMMA = YES;
				CLANG_WARN_CONSTANT_CONVERSION = YES;
				CLANG_WARN_DEPRECATED_OBJC_IMPLEMENTATIONS = YES;
				CLANG_WARN_DIRECT_OBJC_ISA_USAGE = YES_ERROR;
				CLANG_WARN_DOCUMENTATION_COMMENTS = YES;
				CLANG_WARN_EMPTY_BODY = YES;
				CLANG_WARN_ENUM_CONVERSION = YES;
				CLANG_WARN_INFINITE_RECURSION = YES;
				CLANG_WARN_INT_CONVERSION = YES;
				CLANG_WARN_NON_LITERAL_NULL_CONVERSION = YES;
				CLANG_WARN_OBJC_IMPLICIT_RETAIN_SELF = YES;
				CLANG_WARN_OBJC_LITERAL_CONVERSION = YES;
				CLANG_WARN_OBJC_ROOT_CLASS = YES_ERROR;
				CLANG_WARN_RANGE_LOOP_ANALYSIS = YES;
				CLANG_WARN_STRICT_PROTOTYPES = YES;
				CLANG_WARN_SUSPICIOUS_MOVE = YES;
				CLANG_WARN_UNGUARDED_AVAILABILITY = YES_AGGRESSIVE;
				CLANG_WARN_UNREACHABLE_CODE = YES;
				CLANG_WARN__DUPLICATE_METHOD_MATCH = YES;
				COPY_PHASE_STRIP = NO;
				DEBUG_INFORMATION_FORMAT = dwarf;
				ENABLE_STRICT_OBJC_MSGSEND = YES;
				ENABLE_TESTABILITY = YES;
				GCC_C_LANGUAGE_STANDARD = gnu11;
				GCC_DYNAMIC_NO_PIC = NO;
				GCC_NO_COMMON_BLOCKS = YES;
				GCC_OPTIMIZATION_LEVEL = 0;
				GCC_PREPROCESSOR_DEFINITIONS = (
					"DEBUG=1",
					"$(inherited)",
				);
				GCC_WARN_64_TO_32_BIT_CONVERSION = YES;
				GCC_WARN_ABOUT_RETURN_TYPE = YES_ERROR;
				GCC_WARN_UNDECLARED_SELECTOR = YES;
				GCC_WARN_UNINITIALIZED_AUTOS = YES_AGGRESSIVE;
				GCC_WARN_UNUSED_FUNCTION = YES;
				GCC_WARN_UNUSED_VARIABLE = YES;
				IPHONEOS_DEPLOYMENT_TARGET = 14.0;
				MTL_ENABLE_DEBUG_INFO = INCLUDE_SOURCE;
				MTL_FAST_MATH = YES;
				ONLY_ACTIVE_ARCH = YES;
				SDKROOT = iphoneos;
				SWIFT_ACTIVE_COMPILATION_CONDITIONS = DEBUG;
				SWIFT_OPTIMIZATION_LEVEL = "-Onone";
			};
			name = Debug;
		};
		50F111E6249294CC00C9141A /* Release */ = {
			isa = XCBuildConfiguration;
			buildSettings = {
				ALWAYS_SEARCH_USER_PATHS = NO;
				CLANG_ANALYZER_NONNULL = YES;
				CLANG_ANALYZER_NUMBER_OBJECT_CONVERSION = YES_AGGRESSIVE;
				CLANG_CXX_LANGUAGE_STANDARD = "gnu++14";
				CLANG_CXX_LIBRARY = "libc++";
				CLANG_ENABLE_MODULES = YES;
				CLANG_ENABLE_OBJC_ARC = YES;
				CLANG_ENABLE_OBJC_WEAK = YES;
				CLANG_WARN_BLOCK_CAPTURE_AUTORELEASING = YES;
				CLANG_WARN_BOOL_CONVERSION = YES;
				CLANG_WARN_COMMA = YES;
				CLANG_WARN_CONSTANT_CONVERSION = YES;
				CLANG_WARN_DEPRECATED_OBJC_IMPLEMENTATIONS = YES;
				CLANG_WARN_DIRECT_OBJC_ISA_USAGE = YES_ERROR;
				CLANG_WARN_DOCUMENTATION_COMMENTS = YES;
				CLANG_WARN_EMPTY_BODY = YES;
				CLANG_WARN_ENUM_CONVERSION = YES;
				CLANG_WARN_INFINITE_RECURSION = YES;
				CLANG_WARN_INT_CONVERSION = YES;
				CLANG_WARN_NON_LITERAL_NULL_CONVERSION = YES;
				CLANG_WARN_OBJC_IMPLICIT_RETAIN_SELF = YES;
				CLANG_WARN_OBJC_LITERAL_CONVERSION = YES;
				CLANG_WARN_OBJC_ROOT_CLASS = YES_ERROR;
				CLANG_WARN_RANGE_LOOP_ANALYSIS = YES;
				CLANG_WARN_STRICT_PROTOTYPES = YES;
				CLANG_WARN_SUSPICIOUS_MOVE = YES;
				CLANG_WARN_UNGUARDED_AVAILABILITY = YES_AGGRESSIVE;
				CLANG_WARN_UNREACHABLE_CODE = YES;
				CLANG_WARN__DUPLICATE_METHOD_MATCH = YES;
				COPY_PHASE_STRIP = NO;
				DEBUG_INFORMATION_FORMAT = "dwarf-with-dsym";
				ENABLE_NS_ASSERTIONS = NO;
				ENABLE_STRICT_OBJC_MSGSEND = YES;
				GCC_C_LANGUAGE_STANDARD = gnu11;
				GCC_NO_COMMON_BLOCKS = YES;
				GCC_WARN_64_TO_32_BIT_CONVERSION = YES;
				GCC_WARN_ABOUT_RETURN_TYPE = YES_ERROR;
				GCC_WARN_UNDECLARED_SELECTOR = YES;
				GCC_WARN_UNINITIALIZED_AUTOS = YES_AGGRESSIVE;
				GCC_WARN_UNUSED_FUNCTION = YES;
				GCC_WARN_UNUSED_VARIABLE = YES;
				IPHONEOS_DEPLOYMENT_TARGET = 14.0;
				MTL_ENABLE_DEBUG_INFO = NO;
				MTL_FAST_MATH = YES;
				SDKROOT = iphoneos;
				SWIFT_COMPILATION_MODE = wholemodule;
				SWIFT_OPTIMIZATION_LEVEL = "-O";
				VALIDATE_PRODUCT = YES;
			};
			name = Release;
		};
		50F111E8249294CC00C9141A /* Debug */ = {
			isa = XCBuildConfiguration;
			baseConfigurationReference = 02E4A22639F6948A45C1DB26 /* Pods-Knittery.debug.xcconfig */;
			buildSettings = {
				ASSETCATALOG_COMPILER_APPICON_NAME = AppIcon;
				CODE_SIGN_STYLE = Automatic;
				DEVELOPMENT_ASSET_PATHS = "\"Knittery/Preview Content\"";
				ENABLE_PREVIEWS = YES;
				INFOPLIST_FILE = Knittery/Info.plist;
				LD_RUNPATH_SEARCH_PATHS = (
					"$(inherited)",
					"@executable_path/Frameworks",
				);
				PRODUCT_BUNDLE_IDENTIFIER = com.Valenti.Knittery;
				PRODUCT_NAME = "$(TARGET_NAME)";
				SWIFT_VERSION = 5.0;
				TARGETED_DEVICE_FAMILY = "1,2";
			};
			name = Debug;
		};
		50F111E9249294CC00C9141A /* Release */ = {
			isa = XCBuildConfiguration;
			baseConfigurationReference = 1764798D1B6D18E8FAF19B27 /* Pods-Knittery.release.xcconfig */;
			buildSettings = {
				ASSETCATALOG_COMPILER_APPICON_NAME = AppIcon;
				CODE_SIGN_STYLE = Automatic;
				DEVELOPMENT_ASSET_PATHS = "\"Knittery/Preview Content\"";
				ENABLE_PREVIEWS = YES;
				INFOPLIST_FILE = Knittery/Info.plist;
				LD_RUNPATH_SEARCH_PATHS = (
					"$(inherited)",
					"@executable_path/Frameworks",
				);
				PRODUCT_BUNDLE_IDENTIFIER = com.Valenti.Knittery;
				PRODUCT_NAME = "$(TARGET_NAME)";
				SWIFT_VERSION = 5.0;
				TARGETED_DEVICE_FAMILY = "1,2";
			};
			name = Release;
		};
		50F111EB249294CC00C9141A /* Debug */ = {
			isa = XCBuildConfiguration;
			baseConfigurationReference = 32793D4AFC3C78A8063B0B03 /* Pods-KnitteryTests.debug.xcconfig */;
			buildSettings = {
				ALWAYS_EMBED_SWIFT_STANDARD_LIBRARIES = YES;
				BUNDLE_LOADER = "$(TEST_HOST)";
				CODE_SIGN_STYLE = Automatic;
				INFOPLIST_FILE = KnitteryTests/Info.plist;
				IPHONEOS_DEPLOYMENT_TARGET = 14.0;
				LD_RUNPATH_SEARCH_PATHS = (
					"$(inherited)",
					"@executable_path/Frameworks",
					"@loader_path/Frameworks",
				);
				PRODUCT_BUNDLE_IDENTIFIER = com.Valenti.KnitteryTests;
				PRODUCT_NAME = "$(TARGET_NAME)";
				SWIFT_VERSION = 5.0;
				TARGETED_DEVICE_FAMILY = "1,2";
				TEST_HOST = "$(BUILT_PRODUCTS_DIR)/Knittery.app/Knittery";
			};
			name = Debug;
		};
		50F111EC249294CC00C9141A /* Release */ = {
			isa = XCBuildConfiguration;
			baseConfigurationReference = 4C21B505DA24F5B7E9E58717 /* Pods-KnitteryTests.release.xcconfig */;
			buildSettings = {
				ALWAYS_EMBED_SWIFT_STANDARD_LIBRARIES = YES;
				BUNDLE_LOADER = "$(TEST_HOST)";
				CODE_SIGN_STYLE = Automatic;
				INFOPLIST_FILE = KnitteryTests/Info.plist;
				IPHONEOS_DEPLOYMENT_TARGET = 14.0;
				LD_RUNPATH_SEARCH_PATHS = (
					"$(inherited)",
					"@executable_path/Frameworks",
					"@loader_path/Frameworks",
				);
				PRODUCT_BUNDLE_IDENTIFIER = com.Valenti.KnitteryTests;
				PRODUCT_NAME = "$(TARGET_NAME)";
				SWIFT_VERSION = 5.0;
				TARGETED_DEVICE_FAMILY = "1,2";
				TEST_HOST = "$(BUILT_PRODUCTS_DIR)/Knittery.app/Knittery";
			};
			name = Release;
		};
		50F111EE249294CC00C9141A /* Debug */ = {
			isa = XCBuildConfiguration;
			baseConfigurationReference = B8E3E64F03DFA0A7C0E24D6B /* Pods-Knittery-KnitteryUITests.debug.xcconfig */;
			buildSettings = {
				ALWAYS_EMBED_SWIFT_STANDARD_LIBRARIES = YES;
				CODE_SIGN_STYLE = Automatic;
				INFOPLIST_FILE = KnitteryUITests/Info.plist;
				LD_RUNPATH_SEARCH_PATHS = (
					"$(inherited)",
					"@executable_path/Frameworks",
					"@loader_path/Frameworks",
				);
				PRODUCT_BUNDLE_IDENTIFIER = com.Valenti.KnitteryUITests;
				PRODUCT_NAME = "$(TARGET_NAME)";
				SWIFT_VERSION = 5.0;
				TARGETED_DEVICE_FAMILY = "1,2";
				TEST_TARGET_NAME = Knittery;
			};
			name = Debug;
		};
		50F111EF249294CC00C9141A /* Release */ = {
			isa = XCBuildConfiguration;
			baseConfigurationReference = 48607B9A3D7C38F00C14B407 /* Pods-Knittery-KnitteryUITests.release.xcconfig */;
			buildSettings = {
				ALWAYS_EMBED_SWIFT_STANDARD_LIBRARIES = YES;
				CODE_SIGN_STYLE = Automatic;
				INFOPLIST_FILE = KnitteryUITests/Info.plist;
				LD_RUNPATH_SEARCH_PATHS = (
					"$(inherited)",
					"@executable_path/Frameworks",
					"@loader_path/Frameworks",
				);
				PRODUCT_BUNDLE_IDENTIFIER = com.Valenti.KnitteryUITests;
				PRODUCT_NAME = "$(TARGET_NAME)";
				SWIFT_VERSION = 5.0;
				TARGETED_DEVICE_FAMILY = "1,2";
				TEST_TARGET_NAME = Knittery;
			};
			name = Release;
		};
/* End XCBuildConfiguration section */

/* Begin XCConfigurationList section */
		50F111B8249294C800C9141A /* Build configuration list for PBXProject "Knittery" */ = {
			isa = XCConfigurationList;
			buildConfigurations = (
				50F111E5249294CC00C9141A /* Debug */,
				50F111E6249294CC00C9141A /* Release */,
			);
			defaultConfigurationIsVisible = 0;
			defaultConfigurationName = Release;
		};
		50F111E7249294CC00C9141A /* Build configuration list for PBXNativeTarget "Knittery" */ = {
			isa = XCConfigurationList;
			buildConfigurations = (
				50F111E8249294CC00C9141A /* Debug */,
				50F111E9249294CC00C9141A /* Release */,
			);
			defaultConfigurationIsVisible = 0;
			defaultConfigurationName = Release;
		};
		50F111EA249294CC00C9141A /* Build configuration list for PBXNativeTarget "KnitteryTests" */ = {
			isa = XCConfigurationList;
			buildConfigurations = (
				50F111EB249294CC00C9141A /* Debug */,
				50F111EC249294CC00C9141A /* Release */,
			);
			defaultConfigurationIsVisible = 0;
			defaultConfigurationName = Release;
		};
		50F111ED249294CC00C9141A /* Build configuration list for PBXNativeTarget "KnitteryUITests" */ = {
			isa = XCConfigurationList;
			buildConfigurations = (
				50F111EE249294CC00C9141A /* Debug */,
				50F111EF249294CC00C9141A /* Release */,
			);
			defaultConfigurationIsVisible = 0;
			defaultConfigurationName = Release;
		};
/* End XCConfigurationList section */
	};
	rootObject = 50F111B5249294C800C9141A /* Project object */;
}
